
Microsoft Visual Studio Solution File, Format Version 12.00
# Visual Studio Version 17
VisualStudioVersion = 17.8.34330.188
MinimumVisualStudioVersion = 10.0.40219.1
Project("{FAE04EC0-301F-11D3-BF4B-00C04F79EFBC}") = "CrudApp", "CrudApp\CrudApp.csproj", "{61463BCC-404D-48E1-9109-F80BFF0506C6}"
EndProject
Global
	GlobalSection(SolutionConfigurationPlatforms) = preSolution
		Debug|Any CPU = Debug|Any CPU
		Release|Any CPU = Release|Any CPU
	EndGlobalSection
	GlobalSection(ProjectConfigurationPlatforms) = postSolution
		{61463BCC-404D-48E1-9109-F80BFF0506C6}.Debug|Any CPU.ActiveCfg = Debug|Any CPU
		{61463BCC-404D-48E1-9109-F80BFF0506C6}.Debug|Any CPU.Build.0 = Debug|Any CPU
		{61463BCC-404D-48E1-9109-F80BFF0506C6}.Release|Any CPU.ActiveCfg = Release|Any CPU
		{61463BCC-404D-48E1-9109-F80BFF0506C6}.Release|Any CPU.Build.0 = Release|Any CPU
	EndGlobalSection
	GlobalSection(SolutionProperties) = preSolution
		HideSolutionNode = FALSE
	EndGlobalSection
	GlobalSection(ExtensibilityGlobals) = postSolution
		SolutionGuid = {CDF2C0AF-60A4-4EB5-8AC7-A57F4F434A58}
	EndGlobalSection
EndGlobal
